
Microsoft Visual Studio Solution File, Format Version 12.00
# Visual Studio 2015
Project("{FAE04EC0-301F-11D3-BF4B-00C04F79EFBC}") = "3. Conventions and Syntax.CSharp", "3. Conventions and Syntax.CSharp.csproj", "{6DF3528A-A875-20FE-B7F7-0DF1B2AA384E}"
EndProject
Global
	GlobalSection(SolutionConfigurationPlatforms) = preSolution
		Debug|Any CPU = Debug|Any CPU
		Release|Any CPU = Release|Any CPU
	EndGlobalSection
	GlobalSection(ProjectConfigurationPlatforms) = postSolution
		{6DF3528A-A875-20FE-B7F7-0DF1B2AA384E}.Debug|Any CPU.ActiveCfg = Debug|Any CPU
		{6DF3528A-A875-20FE-B7F7-0DF1B2AA384E}.Debug|Any CPU.Build.0 = Debug|Any CPU
		{6DF3528A-A875-20FE-B7F7-0DF1B2AA384E}.Release|Any CPU.ActiveCfg = Release|Any CPU
		{6DF3528A-A875-20FE-B7F7-0DF1B2AA384E}.Release|Any CPU.Build.0 = Release|Any CPU
	EndGlobalSection
	GlobalSection(SolutionProperties) = preSolution
		HideSolutionNode = FALSE
	EndGlobalSection
EndGlobal
