
Microsoft Visual Studio Solution File, Format Version 12.00
# Visual Studio 2015
Project("{FAE04EC0-301F-11D3-BF4B-00C04F79EFBC}") = "16. Destroy.CSharp", "16. Destroy.CSharp.csproj", "{A25B4089-2FF3-F785-26C9-5993EE4DB87A}"
EndProject
Global
	GlobalSection(SolutionConfigurationPlatforms) = preSolution
		Debug|Any CPU = Debug|Any CPU
		Release|Any CPU = Release|Any CPU
	EndGlobalSection
	GlobalSection(ProjectConfigurationPlatforms) = postSolution
		{A25B4089-2FF3-F785-26C9-5993EE4DB87A}.Debug|Any CPU.ActiveCfg = Debug|Any CPU
		{A25B4089-2FF3-F785-26C9-5993EE4DB87A}.Debug|Any CPU.Build.0 = Debug|Any CPU
		{A25B4089-2FF3-F785-26C9-5993EE4DB87A}.Release|Any CPU.ActiveCfg = Release|Any CPU
		{A25B4089-2FF3-F785-26C9-5993EE4DB87A}.Release|Any CPU.Build.0 = Release|Any CPU
	EndGlobalSection
	GlobalSection(SolutionProperties) = preSolution
		HideSolutionNode = FALSE
	EndGlobalSection
EndGlobal
