
Microsoft Visual Studio Solution File, Format Version 12.00
# Visual Studio 2015
Project("{FAE04EC0-301F-11D3-BF4B-00C04F79EFBC}") = "2. Variables and Functions.CSharp", "2. Variables and Functions.CSharp.csproj", "{E2B40A6D-D1C9-05D1-8442-FF0511510900}"
EndProject
Global
	GlobalSection(SolutionConfigurationPlatforms) = preSolution
		Debug|Any CPU = Debug|Any CPU
		Release|Any CPU = Release|Any CPU
	EndGlobalSection
	GlobalSection(ProjectConfigurationPlatforms) = postSolution
		{E2B40A6D-D1C9-05D1-8442-FF0511510900}.Debug|Any CPU.ActiveCfg = Debug|Any CPU
		{E2B40A6D-D1C9-05D1-8442-FF0511510900}.Debug|Any CPU.Build.0 = Debug|Any CPU
		{E2B40A6D-D1C9-05D1-8442-FF0511510900}.Release|Any CPU.ActiveCfg = Release|Any CPU
		{E2B40A6D-D1C9-05D1-8442-FF0511510900}.Release|Any CPU.Build.0 = Release|Any CPU
	EndGlobalSection
	GlobalSection(SolutionProperties) = preSolution
		HideSolutionNode = FALSE
	EndGlobalSection
EndGlobal
