
Microsoft Visual Studio Solution File, Format Version 12.00
# Visual Studio 2015
Project("{FAE04EC0-301F-11D3-BF4B-00C04F79EFBC}") = "12. Activating GameObjects.CSharp", "12. Activating GameObjects.CSharp.csproj", "{CB78BF48-BB29-C45C-AE68-7CB111413555}"
EndProject
Global
	GlobalSection(SolutionConfigurationPlatforms) = preSolution
		Debug|Any CPU = Debug|Any CPU
		Release|Any CPU = Release|Any CPU
	EndGlobalSection
	GlobalSection(ProjectConfigurationPlatforms) = postSolution
		{CB78BF48-BB29-C45C-AE68-7CB111413555}.Debug|Any CPU.ActiveCfg = Debug|Any CPU
		{CB78BF48-BB29-C45C-AE68-7CB111413555}.Debug|Any CPU.Build.0 = Debug|Any CPU
		{CB78BF48-BB29-C45C-AE68-7CB111413555}.Release|Any CPU.ActiveCfg = Release|Any CPU
		{CB78BF48-BB29-C45C-AE68-7CB111413555}.Release|Any CPU.Build.0 = Release|Any CPU
	EndGlobalSection
	GlobalSection(SolutionProperties) = preSolution
		HideSolutionNode = FALSE
	EndGlobalSection
EndGlobal
